
Microsoft Visual Studio Solution File, Format Version 12.00
# Visual Studio Version 17
VisualStudioVersion = 17.5.33424.131
MinimumVisualStudioVersion = 10.0.40219.1
Project("{8BC9CEB8-8B4A-11D0-8D11-00A0C91BC942}") = "ParadigmaOOP2_182", "ParadigmaOOP2_182\ParadigmaOOP2_182.vcxproj", "{66E8C84F-0CA2-44E2-8A15-CEE8D79A752E}"
EndProject
Project("{8BC9CEB8-8B4A-11D0-8D11-00A0C91BC942}") = "multipewarisan", "multipewarisan\multipewarisan.vcxproj", "{CB82BFD7-1A2B-4C2F-BFD1-A9362D7A5751}"
EndProject
Project("{8BC9CEB8-8B4A-11D0-8D11-00A0C91BC942}") = "problemmultiwaris", "problemmultiwaris\problemmultiwaris.vcxproj", "{847D8413-613E-483E-BDDA-AF79351B9738}"
EndProject
Project("{8BC9CEB8-8B4A-11D0-8D11-00A0C91BC942}") = "solveMultiWaris", "solveMultiWaris\solveMultiWaris.vcxproj", "{A4F04361-3A73-4960-B162-9E64CE844164}"
EndProject
Project("{8BC9CEB8-8B4A-11D0-8D11-00A0C91BC942}") = "polimorpi", "polimorpi\polimorpi.vcxproj", "{DD174B72-96CC-404C-B41E-98F5EB133409}"
EndProject
Project("{8BC9CEB8-8B4A-11D0-8D11-00A0C91BC942}") = "noOverriding", "noOverriding\noOverriding.vcxproj", "{B85BD804-68B1-49E0-AE08-546CFE9087C2}"
EndProject
Project("{8BC9CEB8-8B4A-11D0-8D11-00A0C91BC942}") = "noPewarisan", "noPewarisan\noPewarisan.vcxproj", "{4CF0E327-8D4D-4F7A-B7FC-05211B8D4EFD}"
EndProject
Global
	GlobalSection(SolutionConfigurationPlatforms) = preSolution
		Debug|x64 = Debug|x64
		Debug|x86 = Debug|x86
		Release|x64 = Release|x64
		Release|x86 = Release|x86
	EndGlobalSection
	GlobalSection(ProjectConfigurationPlatforms) = postSolution
		{66E8C84F-0CA2-44E2-8A15-CEE8D79A752E}.Debug|x64.ActiveCfg = Debug|x64
		{66E8C84F-0CA2-44E2-8A15-CEE8D79A752E}.Debug|x64.Build.0 = Debug|x64
		{66E8C84F-0CA2-44E2-8A15-CEE8D79A752E}.Debug|x86.ActiveCfg = Debug|Win32
		{66E8C84F-0CA2-44E2-8A15-CEE8D79A752E}.Debug|x86.Build.0 = Debug|Win32
		{66E8C84F-0CA2-44E2-8A15-CEE8D79A752E}.Release|x64.ActiveCfg = Release|x64
		{66E8C84F-0CA2-44E2-8A15-CEE8D79A752E}.Release|x64.Build.0 = Release|x64
		{66E8C84F-0CA2-44E2-8A15-CEE8D79A752E}.Release|x86.ActiveCfg = Release|Win32
		{66E8C84F-0CA2-44E2-8A15-CEE8D79A752E}.Release|x86.Build.0 = Release|Win32
		{CB82BFD7-1A2B-4C2F-BFD1-A9362D7A5751}.Debug|x64.ActiveCfg = Debug|x64
		{CB82BFD7-1A2B-4C2F-BFD1-A9362D7A5751}.Debug|x64.Build.0 = Debug|x64
		{CB82BFD7-1A2B-4C2F-BFD1-A9362D7A5751}.Debug|x86.ActiveCfg = Debug|Win32
		{CB82BFD7-1A2B-4C2F-BFD1-A9362D7A5751}.Debug|x86.Build.0 = Debug|Win32
		{CB82BFD7-1A2B-4C2F-BFD1-A9362D7A5751}.Release|x64.ActiveCfg = Release|x64
		{CB82BFD7-1A2B-4C2F-BFD1-A9362D7A5751}.Release|x64.Build.0 = Release|x64
		{CB82BFD7-1A2B-4C2F-BFD1-A9362D7A5751}.Release|x86.ActiveCfg = Release|Win32
		{CB82BFD7-1A2B-4C2F-BFD1-A9362D7A5751}.Release|x86.Build.0 = Release|Win32
		{847D8413-613E-483E-BDDA-AF79351B9738}.Debug|x64.ActiveCfg = Debug|x64
		{847D8413-613E-483E-BDDA-AF79351B9738}.Debug|x64.Build.0 = Debug|x64
		{847D8413-613E-483E-BDDA-AF79351B9738}.Debug|x86.ActiveCfg = Debug|Win32
		{847D8413-613E-483E-BDDA-AF79351B9738}.Debug|x86.Build.0 = Debug|Win32
		{847D8413-613E-483E-BDDA-AF79351B9738}.Release|x64.ActiveCfg = Release|x64
		{847D8413-613E-483E-BDDA-AF79351B9738}.Release|x64.Build.0 = Release|x64
		{847D8413-613E-483E-BDDA-AF79351B9738}.Release|x86.ActiveCfg = Release|Win32
		{847D8413-613E-483E-BDDA-AF79351B9738}.Release|x86.Build.0 = Release|Win32
		{A4F04361-3A73-4960-B162-9E64CE844164}.Debug|x64.ActiveCfg = Debug|x64
		{A4F04361-3A73-4960-B162-9E64CE844164}.Debug|x64.Build.0 = Debug|x64
		{A4F04361-3A73-4960-B162-9E64CE844164}.Debug|x86.ActiveCfg = Debug|Win32
		{A4F04361-3A73-4960-B162-9E64CE844164}.Debug|x86.Build.0 = Debug|Win32
		{A4F04361-3A73-4960-B162-9E64CE844164}.Release|x64.ActiveCfg = Release|x64
		{A4F04361-3A73-4960-B162-9E64CE844164}.Release|x64.Build.0 = Release|x64
		{A4F04361-3A73-4960-B162-9E64CE844164}.Release|x86.ActiveCfg = Release|Win32
		{A4F04361-3A73-4960-B162-9E64CE844164}.Release|x86.Build.0 = Release|Win32
		{DD174B72-96CC-404C-B41E-98F5EB133409}.Debug|x64.ActiveCfg = Debug|x64
		{DD174B72-96CC-404C-B41E-98F5EB133409}.Debug|x64.Build.0 = Debug|x64
		{DD174B72-96CC-404C-B41E-98F5EB133409}.Debug|x86.ActiveCfg = Debug|Win32
		{DD174B72-96CC-404C-B41E-98F5EB133409}.Debug|x86.Build.0 = Debug|Win32
		{DD174B72-96CC-404C-B41E-98F5EB133409}.Release|x64.ActiveCfg = Release|x64
		{DD174B72-96CC-404C-B41E-98F5EB133409}.Release|x64.Build.0 = Release|x64
		{DD174B72-96CC-404C-B41E-98F5EB133409}.Release|x86.ActiveCfg = Release|Win32
		{DD174B72-96CC-404C-B41E-98F5EB133409}.Release|x86.Build.0 = Release|Win32
		{B85BD804-68B1-49E0-AE08-546CFE9087C2}.Debug|x64.ActiveCfg = Debug|x64
		{B85BD804-68B1-49E0-AE08-546CFE9087C2}.Debug|x64.Build.0 = Debug|x64
		{B85BD804-68B1-49E0-AE08-546CFE9087C2}.Debug|x86.ActiveCfg = Debug|Win32
		{B85BD804-68B1-49E0-AE08-546CFE9087C2}.Debug|x86.Build.0 = Debug|Win32
		{B85BD804-68B1-49E0-AE08-546CFE9087C2}.Release|x64.ActiveCfg = Release|x64
		{B85BD804-68B1-49E0-AE08-546CFE9087C2}.Release|x64.Build.0 = Release|x64
		{B85BD804-68B1-49E0-AE08-546CFE9087C2}.Release|x86.ActiveCfg = Release|Win32
		{B85BD804-68B1-49E0-AE08-546CFE9087C2}.Release|x86.Build.0 = Release|Win32
		{4CF0E327-8D4D-4F7A-B7FC-05211B8D4EFD}.Debug|x64.ActiveCfg = Debug|x64
		{4CF0E327-8D4D-4F7A-B7FC-05211B8D4EFD}.Debug|x64.Build.0 = Debug|x64
		{4CF0E327-8D4D-4F7A-B7FC-05211B8D4EFD}.Debug|x86.ActiveCfg = Debug|Win32
		{4CF0E327-8D4D-4F7A-B7FC-05211B8D4EFD}.Debug|x86.Build.0 = Debug|Win32
		{4CF0E327-8D4D-4F7A-B7FC-05211B8D4EFD}.Release|x64.ActiveCfg = Release|x64
		{4CF0E327-8D4D-4F7A-B7FC-05211B8D4EFD}.Release|x64.Build.0 = Release|x64
		{4CF0E327-8D4D-4F7A-B7FC-05211B8D4EFD}.Release|x86.ActiveCfg = Release|Win32
		{4CF0E327-8D4D-4F7A-B7FC-05211B8D4EFD}.Release|x86.Build.0 = Release|Win32
	EndGlobalSection
	GlobalSection(SolutionProperties) = preSolution
		HideSolutionNode = FALSE
	EndGlobalSection
	GlobalSection(ExtensibilityGlobals) = postSolution
		SolutionGuid = {0C5CF52B-6815-42C2-9CC5-125F3F4817EF}
	EndGlobalSection
EndGlobal
